// !$*UTF8*$!
{
	archiveVersion = 1;
	classes = {
	};
	objectVersion = 46;
	objects = {

/* Begin PBXBuildFile section */
		0F59A7B91EEE9A3F004EEC96 /* main.m in Sources */ = {isa = PBXBuildFile; fileRef = 0F59A7B81EEE9A3F004EEC96 /* main.m */; };
		0F59A7BC1EEE9A3F004EEC96 /* AppDelegate.m in Sources */ = {isa = PBXBuildFile; fileRef = 0F59A7BB1EEE9A3F004EEC96 /* AppDelegate.m */; };
		0F59A7BF1EEE9A3F004EEC96 /* ViewController.m in Sources */ = {isa = PBXBuildFile; fileRef = 0F59A7BE1EEE9A3F004EEC96 /* ViewController.m */; };
		0F59A7C21EEE9A3F004EEC96 /* Main.storyboard in Resources */ = {isa = PBXBuildFile; fileRef = 0F59A7C01EEE9A3F004EEC96 /* Main.storyboard */; };
		0F59A7C41EEE9A3F004EEC96 /* Assets.xcassets in Resources */ = {isa = PBXBuildFile; fileRef = 0F59A7C31EEE9A3F004EEC96 /* Assets.xcassets */; };
		0F59A7C71EEE9A3F004EEC96 /* LaunchScreen.storyboard in Resources */ = {isa = PBXBuildFile; fileRef = 0F59A7C51EEE9A3F004EEC96 /* LaunchScreen.storyboard */; };
		0F59A7D21EEE9A3F004EEC96 /* mvcTests.m in Sources */ = {isa = PBXBuildFile; fileRef = 0F59A7D11EEE9A3F004EEC96 /* mvcTests.m */; };
		0F59A7DD1EEE9A3F004EEC96 /* mvcUITests.m in Sources */ = {isa = PBXBuildFile; fileRef = 0F59A7DC1EEE9A3F004EEC96 /* mvcUITests.m */; };
/* End PBXBuildFile section */

/* Begin PBXContainerItemProxy section */
		0F59A7CE1EEE9A3F004EEC96 /* PBXContainerItemProxy */ = {
			isa = PBXContainerItemProxy;
			containerPortal = 0F59A7AC1EEE9A3F004EEC96 /* Project object */;
			proxyType = 1;
			remoteGlobalIDString = 0F59A7B31EEE9A3F004EEC96;
			remoteInfo = mvc;
		};
		0F59A7D91EEE9A3F004EEC96 /* PBXContainerItemProxy */ = {
			isa = PBXContainerItemProxy;
			containerPortal = 0F59A7AC1EEE9A3F004EEC96 /* Project object */;
			proxyType = 1;
			remoteGlobalIDString = 0F59A7B31EEE9A3F004EEC96;
			remoteInfo = mvc;
		};
/* End PBXContainerItemProxy section */

/* Begin PBXFileReference section */
		0F59A7B41EEE9A3F004EEC96 /* mvc.app */ = {isa = PBXFileReference; explicitFileType = wrapper.application; includeInIndex = 0; path = mvc.app; sourceTree = BUILT_PRODUCTS_DIR; };
		0F59A7B81EEE9A3F004EEC96 /* main.m */ = {isa = PBXFileReference; lastKnownFileType = sourcecode.c.objc; path = main.m; sourceTree = "<group>"; };
		0F59A7BA1EEE9A3F004EEC96 /* AppDelegate.h */ = {isa = PBXFileReference; lastKnownFileType = sourcecode.c.h; path = AppDelegate.h; sourceTree = "<group>"; };
		0F59A7BB1EEE9A3F004EEC96 /* AppDelegate.m */ = {isa = PBXFileReference; lastKnownFileType = sourcecode.c.objc; path = AppDelegate.m; sourceTree = "<group>"; };
		0F59A7BD1EEE9A3F004EEC96 /* ViewController.h */ = {isa = PBXFileReference; lastKnownFileType = sourcecode.c.h; path = ViewController.h; sourceTree = "<group>"; };
		0F59A7BE1EEE9A3F004EEC96 /* ViewController.m */ = {isa = PBXFileReference; lastKnownFileType = sourcecode.c.objc; path = ViewController.m; sourceTree = "<group>"; };
		0F59A7C11EEE9A3F004EEC96 /* Base */ = {isa = PBXFileReference; lastKnownFileType = file.storyboard; name = Base; path = Base.lproj/Main.storyboard; sourceTree = "<group>"; };
		0F59A7C31EEE9A3F004EEC96 /* Assets.xcassets */ = {isa = PBXFileReference; lastKnownFileType = folder.assetcatalog; path = Assets.xcassets; sourceTree = "<group>"; };
		0F59A7C61EEE9A3F004EEC96 /* Base */ = {isa = PBXFileReference; lastKnownFileType = file.storyboard; name = Base; path = Base.lproj/LaunchScreen.storyboard; sourceTree = "<group>"; };
		0F59A7C81EEE9A3F004EEC96 /* Info.plist */ = {isa = PBXFileReference; lastKnownFileType = text.plist.xml; path = Info.plist; sourceTree = "<group>"; };
		0F59A7CD1EEE9A3F004EEC96 /* mvcTests.xctest */ = {isa = PBXFileReference; explicitFileType = wrapper.cfbundle; includeInIndex = 0; path = mvcTests.xctest; sourceTree = BUILT_PRODUCTS_DIR; };
		0F59A7D11EEE9A3F004EEC96 /* mvcTests.m */ = {isa = PBXFileReference; lastKnownFileType = sourcecode.c.objc; path = mvcTests.m; sourceTree = "<group>"; };
		0F59A7D31EEE9A3F004EEC96 /* Info.plist */ = {isa = PBXFileReference; lastKnownFileType = text.plist.xml; path = Info.plist; sourceTree = "<group>"; };
		0F59A7D81EEE9A3F004EEC96 /* mvcUITests.xctest */ = {isa = PBXFileReference; explicitFileType = wrapper.cfbundle; includeInIndex = 0; path = mvcUITests.xctest; sourceTree = BUILT_PRODUCTS_DIR; };
		0F59A7DC1EEE9A3F004EEC96 /* mvcUITests.m */ = {isa = PBXFileReference; lastKnownFileType = sourcecode.c.objc; path = mvcUITests.m; sourceTree = "<group>"; };
		0F59A7DE1EEE9A3F004EEC96 /* Info.plist */ = {isa = PBXFileReference; lastKnownFileType = text.plist.xml; path = Info.plist; sourceTree = "<group>"; };
/* End PBXFileReference section */

/* Begin PBXFrameworksBuildPhase section */
		0F59A7B11EEE9A3F004EEC96 /* Frameworks */ = {
			isa = PBXFrameworksBuildPhase;
			buildActionMask = 2147483647;
			files = (
			);
			runOnlyForDeploymentPostprocessing = 0;
		};
		0F59A7CA1EEE9A3F004EEC96 /* Frameworks */ = {
			isa = PBXFrameworksBuildPhase;
			buildActionMask = 2147483647;
			files = (
			);
			runOnlyForDeploymentPostprocessing = 0;
		};
		0F59A7D51EEE9A3F004EEC96 /* Frameworks */ = {
			isa = PBXFrameworksBuildPhase;
			buildActionMask = 2147483647;
			files = (
			);
			runOnlyForDeploymentPostprocessing = 0;
		};
/* End PBXFrameworksBuildPhase section */

/* Begin PBXGroup section */
		0F59A7AB1EEE9A3F004EEC96 = {
			isa = PBXGroup;
			children = (
				0F59A7B61EEE9A3F004EEC96 /* mvc */,
				0F59A7D01EEE9A3F004EEC96 /* mvcTests */,
				0F59A7DB1EEE9A3F004EEC96 /* mvcUITests */,
				0F59A7B51EEE9A3F004EEC96 /* Products */,
			);
			sourceTree = "<group>";
		};
		0F59A7B51EEE9A3F004EEC96 /* Products */ = {
			isa = PBXGroup;
			children = (
				0F59A7B41EEE9A3F004EEC96 /* mvc.app */,
				0F59A7CD1EEE9A3F004EEC96 /* mvcTests.xctest */,
				0F59A7D81EEE9A3F004EEC96 /* mvcUITests.xctest */,
			);
			name = Products;
			sourceTree = "<group>";
		};
		0F59A7B61EEE9A3F004EEC96 /* mvc */ = {
			isa = PBXGroup;
			children = (
				0F59A7BA1EEE9A3F004EEC96 /* AppDelegate.h */,
				0F59A7BB1EEE9A3F004EEC96 /* AppDelegate.m */,
				0F59A7BD1EEE9A3F004EEC96 /* ViewController.h */,
				0F59A7BE1EEE9A3F004EEC96 /* ViewController.m */,
				0F59A7C01EEE9A3F004EEC96 /* Main.storyboard */,
				0F59A7C31EEE9A3F004EEC96 /* Assets.xcassets */,
				0F59A7C51EEE9A3F004EEC96 /* LaunchScreen.storyboard */,
				0F59A7C81EEE9A3F004EEC96 /* Info.plist */,
				0F59A7B71EEE9A3F004EEC96 /* Supporting Files */,
			);
			path = mvc;
			sourceTree = "<group>";
		};
		0F59A7B71EEE9A3F004EEC96 /* Supporting Files */ = {
			isa = PBXGroup;
			children = (
				0F59A7B81EEE9A3F004EEC96 /* main.m */,
			);
			name = "Supporting Files";
			sourceTree = "<group>";
		};
		0F59A7D01EEE9A3F004EEC96 /* mvcTests */ = {
			isa = PBXGroup;
			children = (
				0F59A7D11EEE9A3F004EEC96 /* mvcTests.m */,
				0F59A7D31EEE9A3F004EEC96 /* Info.plist */,
			);
			path = mvcTests;
			sourceTree = "<group>";
		};
		0F59A7DB1EEE9A3F004EEC96 /* mvcUITests */ = {
			isa = PBXGroup;
			children = (
				0F59A7DC1EEE9A3F004EEC96 /* mvcUITests.m */,
				0F59A7DE1EEE9A3F004EEC96 /* Info.plist */,
			);
			path = mvcUITests;
			sourceTree = "<group>";
		};
/* End PBXGroup section */

/* Begin PBXNativeTarget section */
		0F59A7B31EEE9A3F004EEC96 /* mvc */ = {
			isa = PBXNativeTarget;
			buildConfigurationList = 0F59A7E11EEE9A3F004EEC96 /* Build configuration list for PBXNativeTarget "mvc" */;
			buildPhases = (
				0F59A7B01EEE9A3F004EEC96 /* Sources */,
				0F59A7B11EEE9A3F004EEC96 /* Frameworks */,
				0F59A7B21EEE9A3F004EEC96 /* Resources */,
			);
			buildRules = (
			);
			dependencies = (
			);
			name = mvc;
			productName = mvc;
			productReference = 0F59A7B41EEE9A3F004EEC96 /* mvc.app */;
			productType = "com.apple.product-type.application";
		};
		0F59A7CC1EEE9A3F004EEC96 /* mvcTests */ = {
			isa = PBXNativeTarget;
			buildConfigurationList = 0F59A7E41EEE9A3F004EEC96 /* Build configuration list for PBXNativeTarget "mvcTests" */;
			buildPhases = (
				0F59A7C91EEE9A3F004EEC96 /* Sources */,
				0F59A7CA1EEE9A3F004EEC96 /* Frameworks */,
				0F59A7CB1EEE9A3F004EEC96 /* Resources */,
			);
			buildRules = (
			);
			dependencies = (
				0F59A7CF1EEE9A3F004EEC96 /* PBXTargetDependency */,
			);
			name = mvcTests;
			productName = mvcTests;
			productReference = 0F59A7CD1EEE9A3F004EEC96 /* mvcTests.xctest */;
			productType = "com.apple.product-type.bundle.unit-test";
		};
		0F59A7D71EEE9A3F004EEC96 /* mvcUITests */ = {
			isa = PBXNativeTarget;
			buildConfigurationList = 0F59A7E71EEE9A3F004EEC96 /* Build configuration list for PBXNativeTarget "mvcUITests" */;
			buildPhases = (
				0F59A7D41EEE9A3F004EEC96 /* Sources */,
				0F59A7D51EEE9A3F004EEC96 /* Frameworks */,
				0F59A7D61EEE9A3F004EEC96 /* Resources */,
			);
			buildRules = (
			);
			dependencies = (
				0F59A7DA1EEE9A3F004EEC96 /* PBXTargetDependency */,
			);
			name = mvcUITests;
			productName = mvcUITests;
			productReference = 0F59A7D81EEE9A3F004EEC96 /* mvcUITests.xctest */;
			productType = "com.apple.product-type.bundle.ui-testing";
		};
/* End PBXNativeTarget section */

/* Begin PBXProject section */
		0F59A7AC1EEE9A3F004EEC96 /* Project object */ = {
			isa = PBXProject;
			attributes = {
				LastUpgradeCheck = 0830;
				ORGANIZATIONNAME = yiyangkeji;
				TargetAttributes = {
					0F59A7B31EEE9A3F004EEC96 = {
						CreatedOnToolsVersion = 8.3;
						ProvisioningStyle = Automatic;
					};
					0F59A7CC1EEE9A3F004EEC96 = {
						CreatedOnToolsVersion = 8.3;
						ProvisioningStyle = Automatic;
						TestTargetID = 0F59A7B31EEE9A3F004EEC96;
					};
					0F59A7D71EEE9A3F004EEC96 = {
						CreatedOnToolsVersion = 8.3;
						ProvisioningStyle = Automatic;
						TestTargetID = 0F59A7B31EEE9A3F004EEC96;
					};
				};
			};
			buildConfigurationList = 0F59A7AF1EEE9A3F004EEC96 /* Build configuration list for PBXProject "mvc" */;
			compatibilityVersion = "Xcode 3.2";
			developmentRegion = English;
			hasScannedForEncodings = 0;
			knownRegions = (
				en,
				Base,
			);
			mainGroup = 0F59A7AB1EEE9A3F004EEC96;
			productRefGroup = 0F59A7B51EEE9A3F004EEC96 /* Products */;
			projectDirPath = "";
			projectRoot = "";
			targets = (
				0F59A7B31EEE9A3F004EEC96 /* mvc */,
				0F59A7CC1EEE9A3F004EEC96 /* mvcTests */,
				0F59A7D71EEE9A3F004EEC96 /* mvcUITests */,
			);
		};
/* End PBXProject section */

/* Begin PBXResourcesBuildPhase section */
		0F59A7B21EEE9A3F004EEC96 /* Resources */ = {
			isa = PBXResourcesBuildPhase;
			buildActionMask = 2147483647;
			files = (
				0F59A7C71EEE9A3F004EEC96 /* LaunchScreen.storyboard in Resources */,
				0F59A7C41EEE9A3F004EEC96 /* Assets.xcassets in Resources */,
				0F59A7C21EEE9A3F004EEC96 /* Main.storyboard in Resources */,
			);
			runOnlyForDeploymentPostprocessing = 0;
		};
		0F59A7CB1EEE9A3F004EEC96 /* Resources */ = {
			isa = PBXResourcesBuildPhase;
			buildActionMask = 2147483647;
			files = (
			);
			runOnlyForDeploymentPostprocessing = 0;
		};
		0F59A7D61EEE9A3F004EEC96 /* Resources */ = {
			isa = PBXResourcesBuildPhase;
			buildActionMask = 2147483647;
			files = (
			);
			runOnlyForDeploymentPostprocessing = 0;
		};
/* End PBXResourcesBuildPhase section */

/* Begin PBXSourcesBuildPhase section */
		0F59A7B01EEE9A3F004EEC96 /* Sources */ = {
			isa = PBXSourcesBuildPhase;
			buildActionMask = 2147483647;
			files = (
				0F59A7BF1EEE9A3F004EEC96 /* ViewController.m in Sources */,
				0F59A7BC1EEE9A3F004EEC96 /* AppDelegate.m in Sources */,
				0F59A7B91EEE9A3F004EEC96 /* main.m in Sources */,
			);
			runOnlyForDeploymentPostprocessing = 0;
		};
		0F59A7C91EEE9A3F004EEC96 /* Sources */ = {
			isa = PBXSourcesBuildPhase;
			buildActionMask = 2147483647;
			files = (
				0F59A7D21EEE9A3F004EEC96 /* mvcTests.m in Sources */,
			);
			runOnlyForDeploymentPostprocessing = 0;
		};
		0F59A7D41EEE9A3F004EEC96 /* Sources */ = {
			isa = PBXSourcesBuildPhase;
			buildActionMask = 2147483647;
			files = (
				0F59A7DD1EEE9A3F004EEC96 /* mvcUITests.m in Sources */,
			);
			runOnlyForDeploymentPostprocessing = 0;
		};
/* End PBXSourcesBuildPhase section */

/* Begin PBXTargetDependency section */
		0F59A7CF1EEE9A3F004EEC96 /* PBXTargetDependency */ = {
			isa = PBXTargetDependency;
			target = 0F59A7B31EEE9A3F004EEC96 /* mvc */;
			targetProxy = 0F59A7CE1EEE9A3F004EEC96 /* PBXContainerItemProxy */;
		};
		0F59A7DA1EEE9A3F004EEC96 /* PBXTargetDependency */ = {
			isa = PBXTargetDependency;
			target = 0F59A7B31EEE9A3F004EEC96 /* mvc */;
			targetProxy = 0F59A7D91EEE9A3F004EEC96 /* PBXContainerItemProxy */;
		};
/* End PBXTargetDependency section */

/* Begin PBXVariantGroup section */
		0F59A7C01EEE9A3F004EEC96 /* Main.storyboard */ = {
			isa = PBXVariantGroup;
			children = (
				0F59A7C11EEE9A3F004EEC96 /* Base */,
			);
			name = Main.storyboard;
			sourceTree = "<group>";
		};
		0F59A7C51EEE9A3F004EEC96 /* LaunchScreen.storyboard */ = {
			isa = PBXVariantGroup;
			children = (
				0F59A7C61EEE9A3F004EEC96 /* Base */,
			);
			name = LaunchScreen.storyboard;
			sourceTree = "<group>";
		};
/* End PBXVariantGroup section */

/* Begin XCBuildConfiguration section */
		0F59A7DF1EEE9A3F004EEC96 /* Debug */ = {
			isa = XCBuildConfiguration;
			buildSettings = {
				ALWAYS_SEARCH_USER_PATHS = NO;
				CLANG_ANALYZER_NONNULL = YES;
				CLANG_ANALYZER_NUMBER_OBJECT_CONVERSION = YES_AGGRESSIVE;
				CLANG_CXX_LANGUAGE_STANDARD = "gnu++0x";
				CLANG_CXX_LIBRARY = "libc++";
				CLANG_ENABLE_MODULES = YES;
				CLANG_ENABLE_OBJC_ARC = YES;
				CLANG_WARN_BOOL_CONVERSION = YES;
				CLANG_WARN_CONSTANT_CONVERSION = YES;
				CLANG_WARN_DIRECT_OBJC_ISA_USAGE = YES_ERROR;
				CLANG_WARN_DOCUMENTATION_COMMENTS = YES;
				CLANG_WARN_EMPTY_BODY = YES;
				CLANG_WARN_ENUM_CONVERSION = YES;
				CLANG_WARN_INFINITE_RECURSION = YES;
				CLANG_WARN_INT_CONVERSION = YES;
				CLANG_WARN_OBJC_ROOT_CLASS = YES_ERROR;
				CLANG_WARN_SUSPICIOUS_MOVE = YES;
				CLANG_WARN_UNREACHABLE_CODE = YES;
				CLANG_WARN__DUPLICATE_METHOD_MATCH = YES;
				"CODE_SIGN_IDENTITY[sdk=iphoneos*]" = "iPhone Developer";
				COPY_PHASE_STRIP = NO;
				DEBUG_INFORMATION_FORMAT = dwarf;
				ENABLE_STRICT_OBJC_MSGSEND = YES;
				ENABLE_TESTABILITY = YES;
				GCC_C_LANGUAGE_STANDARD = gnu99;
				GCC_DYNAMIC_NO_PIC = NO;
				GCC_NO_COMMON_BLOCKS = YES;
				GCC_OPTIMIZATION_LEVEL = 0;
				GCC_PREPROCESSOR_DEFINITIONS = (
					"DEBUG=1",
					"$(inherited)",
				);
				GCC_WARN_64_TO_32_BIT_CONVERSION = YES;
				GCC_WARN_ABOUT_RETURN_TYPE = YES_ERROR;
				GCC_WARN_UNDECLARED_SELECTOR = YES;
				GCC_WARN_UNINITIALIZED_AUTOS = YES_AGGRESSIVE;
				GCC_WARN_UNUSED_FUNCTION = YES;
				GCC_WARN_UNUSED_VARIABLE = YES;
				IPHONEOS_DEPLOYMENT_TARGET = 10.3;
				MTL_ENABLE_DEBUG_INFO = YES;
				ONLY_ACTIVE_ARCH = YES;
				SDKROOT = iphoneos;
				TARGETED_DEVICE_FAMILY = "1,2";
			};
			name = Debug;
		};
		0F59A7E01EEE9A3F004EEC96 /* Release */ = {
			isa = XCBuildConfiguration;
			buildSettings = {
				ALWAYS_SEARCH_USER_PATHS = NO;
				CLANG_ANALYZER_NONNULL = YES;
				CLANG_ANALYZER_NUMBER_OBJECT_CONVERSION = YES_AGGRESSIVE;
				CLANG_CXX_LANGUAGE_STANDARD = "gnu++0x";
				CLANG_CXX_LIBRARY = "libc++";
				CLANG_ENABLE_MODULES = YES;
				CLANG_ENABLE_OBJC_ARC = YES;
				CLANG_WARN_BOOL_CONVERSION = YES;
				CLANG_WARN_CONSTANT_CONVERSION = YES;
				CLANG_WARN_DIRECT_OBJC_ISA_USAGE = YES_ERROR;
				CLANG_WARN_DOCUMENTATION_COMMENTS = YES;
				CLANG_WARN_EMPTY_BODY = YES;
				CLANG_WARN_ENUM_CONVERSION = YES;
				CLANG_WARN_INFINITE_RECURSION = YES;
				CLANG_WARN_INT_CONVERSION = YES;
				CLANG_WARN_OBJC_ROOT_CLASS = YES_ERROR;
				CLANG_WARN_SUSPICIOUS_MOVE = YES;
				CLANG_WARN_UNREACHABLE_CODE = YES;
				CLANG_WARN__DUPLICATE_METHOD_MATCH = YES;
				"CODE_SIGN_IDENTITY[sdk=iphoneos*]" = "iPhone Developer";
				COPY_PHASE_STRIP = NO;
				DEBUG_INFORMATION_FORMAT = "dwarf-with-dsym";
				ENABLE_NS_ASSERTIONS = NO;
				ENABLE_STRICT_OBJC_MSGSEND = YES;
				GCC_C_LANGUAGE_STANDARD = gnu99;
				GCC_NO_COMMON_BLOCKS = YES;
				GCC_WARN_64_TO_32_BIT_CONVERSION = YES;
				GCC_WARN_ABOUT_RETURN_TYPE = YES_ERROR;
				GCC_WARN_UNDECLARED_SELECTOR = YES;
				GCC_WARN_UNINITIALIZED_AUTOS = YES_AGGRESSIVE;
				GCC_WARN_UNUSED_FUNCTION = YES;
				GCC_WARN_UNUSED_VARIABLE = YES;
				IPHONEOS_DEPLOYMENT_TARGET = 10.3;
				MTL_ENABLE_DEBUG_INFO = NO;
				SDKROOT = iphoneos;
				TARGETED_DEVICE_FAMILY = "1,2";
				VALIDATE_PRODUCT = YES;
			};
			name = Release;
		};
		0F59A7E21EEE9A3F004EEC96 /* Debug */ = {
			isa = XCBuildConfiguration;
			buildSettings = {
				ASSETCATALOG_COMPILER_APPICON_NAME = AppIcon;
				INFOPLIST_FILE = mvc/Info.plist;
				LD_RUNPATH_SEARCH_PATHS = "$(inherited) @executable_path/Frameworks";
				PRODUCT_BUNDLE_IDENTIFIER = guolide.mvc;
				PRODUCT_NAME = "$(TARGET_NAME)";
			};
			name = Debug;
		};
		0F59A7E31EEE9A3F004EEC96 /* Release */ = {
			isa = XCBuildConfiguration;
			buildSettings = {
				ASSETCATALOG_COMPILER_APPICON_NAME = AppIcon;
				INFOPLIST_FILE = mvc/Info.plist;
				LD_RUNPATH_SEARCH_PATHS = "$(inherited) @executable_path/Frameworks";
				PRODUCT_BUNDLE_IDENTIFIER = guolide.mvc;
				PRODUCT_NAME = "$(TARGET_NAME)";
			};
			name = Release;
		};
		0F59A7E51EEE9A3F004EEC96 /* Debug */ = {
			isa = XCBuildConfiguration;
			buildSettings = {
				BUNDLE_LOADER = "$(TEST_HOST)";
				INFOPLIST_FILE = mvcTests/Info.plist;
				LD_RUNPATH_SEARCH_PATHS = "$(inherited) @executable_path/Frameworks @loader_path/Frameworks";
				PRODUCT_BUNDLE_IDENTIFIER = guolide.mvcTests;
				PRODUCT_NAME = "$(TARGET_NAME)";
				TEST_HOST = "$(BUILT_PRODUCTS_DIR)/mvc.app/mvc";
			};
			name = Debug;
		};
		0F59A7E61EEE9A3F004EEC96 /* Release */ = {
			isa = XCBuildConfiguration;
			buildSettings = {
				BUNDLE_LOADER = "$(TEST_HOST)";
				INFOPLIST_FILE = mvcTests/Info.plist;
				LD_RUNPATH_SEARCH_PATHS = "$(inherited) @executable_path/Frameworks @loader_path/Frameworks";
				PRODUCT_BUNDLE_IDENTIFIER = guolide.mvcTests;
				PRODUCT_NAME = "$(TARGET_NAME)";
				TEST_HOST = "$(BUILT_PRODUCTS_DIR)/mvc.app/mvc";
			};
			name = Release;
		};
		0F59A7E81EEE9A3F004EEC96 /* Debug */ = {
			isa = XCBuildConfiguration;
			buildSettings = {
				INFOPLIST_FILE = mvcUITests/Info.plist;
				LD_RUNPATH_SEARCH_PATHS = "$(inherited) @executable_path/Frameworks @loader_path/Frameworks";
				PRODUCT_BUNDLE_IDENTIFIER = guolide.mvcUITests;
				PRODUCT_NAME = "$(TARGET_NAME)";
				TEST_TARGET_NAME = mvc;
			};
			name = Debug;
		};
		0F59A7E91EEE9A3F004EEC96 /* Release */ = {
			isa = XCBuildConfiguration;
			buildSettings = {
				INFOPLIST_FILE = mvcUITests/Info.plist;
				LD_RUNPATH_SEARCH_PATHS = "$(inherited) @executable_path/Frameworks @loader_path/Frameworks";
				PRODUCT_BUNDLE_IDENTIFIER = guolide.mvcUITests;
				PRODUCT_NAME = "$(TARGET_NAME)";
				TEST_TARGET_NAME = mvc;
			};
			name = Release;
		};
/* End XCBuildConfiguration section */

/* Begin XCConfigurationList section */
		0F59A7AF1EEE9A3F004EEC96 /* Build configuration list for PBXProject "mvc" */ = {
			isa = XCConfigurationList;
			buildConfigurations = (
				0F59A7DF1EEE9A3F004EEC96 /* Debug */,
				0F59A7E01EEE9A3F004EEC96 /* Release */,
			);
			defaultConfigurationIsVisible = 0;
			defaultConfigurationName = Release;
		};
		0F59A7E11EEE9A3F004EEC96 /* Build configuration list for PBXNativeTarget "mvc" */ = {
			isa = XCConfigurationList;
			buildConfigurations = (
				0F59A7E21EEE9A3F004EEC96 /* Debug */,
				0F59A7E31EEE9A3F004EEC96 /* Release */,
			);
			defaultConfigurationIsVisible = 0;
		};
		0F59A7E41EEE9A3F004EEC96 /* Build configuration list for PBXNativeTarget "mvcTests" */ = {
			isa = XCConfigurationList;
			buildConfigurations = (
				0F59A7E51EEE9A3F004EEC96 /* Debug */,
				0F59A7E61EEE9A3F004EEC96 /* Release */,
			);
			defaultConfigurationIsVisible = 0;
		};
		0F59A7E71EEE9A3F004EEC96 /* Build configuration list for PBXNativeTarget "mvcUITests" */ = {
			isa = XCConfigurationList;
			buildConfigurations = (
				0F59A7E81EEE9A3F004EEC96 /* Debug */,
				0F59A7E91EEE9A3F004EEC96 /* Release */,
			);
			defaultConfigurationIsVisible = 0;
		};
/* End XCConfigurationList section */
	};
	rootObject = 0F59A7AC1EEE9A3F004EEC96 /* Project object */;
}
